
Microsoft Visual Studio Solution File, Format Version 12.00
# Visual Studio Version 16
VisualStudioVersion = 16.0.31402.337
MinimumVisualStudioVersion = 10.0.40219.1
Project("{FAE04EC0-301F-11D3-BF4B-00C04F79EFBC}") = "GitTest", "GitTest\GitTest.csproj", "{9212FD85-E604-4D16-9EC4-0DCC467A4EFB}"
EndProject
Global
	GlobalSection(SolutionConfigurationPlatforms) = preSolution
		Debug|Any CPU = Debug|Any CPU
		Release|Any CPU = Release|Any CPU
	EndGlobalSection
	GlobalSection(ProjectConfigurationPlatforms) = postSolution
		{9212FD85-E604-4D16-9EC4-0DCC467A4EFB}.Debug|Any CPU.ActiveCfg = Debug|Any CPU
		{9212FD85-E604-4D16-9EC4-0DCC467A4EFB}.Debug|Any CPU.Build.0 = Debug|Any CPU
		{9212FD85-E604-4D16-9EC4-0DCC467A4EFB}.Release|Any CPU.ActiveCfg = Release|Any CPU
		{9212FD85-E604-4D16-9EC4-0DCC467A4EFB}.Release|Any CPU.Build.0 = Release|Any CPU
	EndGlobalSection
	GlobalSection(SolutionProperties) = preSolution
		HideSolutionNode = FALSE
	EndGlobalSection
	GlobalSection(ExtensibilityGlobals) = postSolution
		SolutionGuid = {1D7BD51C-6FB3-4CA3-811F-2F16C26789C2}
	EndGlobalSection
EndGlobal
